// !$*UTF8*$!
{
	archiveVersion = 1;
	classes = {};
	objectVersion = 56;
	objects = {
		2B624456D41E9FAE3F1A7EC5 = { isa = PBXFileReference; lastKnownFileType = sourcecode.swift; path = "AITranslation.swift"; sourceTree = "<group>"; };
		1F46923C04815E7F24E2E865 = { isa = PBXBuildFile; fileRef = 2B624456D41E9FAE3F1A7EC5; };
		34181F2534F379412A8F9A84 = { isa = PBXFileReference; lastKnownFileType = sourcecode.swift; path = "AppModel.swift"; sourceTree = "<group>"; };
		872247D6705554E6DFD1E56D = { isa = PBXBuildFile; fileRef = 34181F2534F379412A8F9A84; };
		F1FA54B24448F4F59113606C = { isa = PBXFileReference; lastKnownFileType = sourcecode.swift; path = "AudioDevices.swift"; sourceTree = "<group>"; };
		AA80A9B576E929021CA8389A = { isa = PBXBuildFile; fileRef = F1FA54B24448F4F59113606C; };
		722A64318BBF55C4A0DC42E6 = { isa = PBXFileReference; lastKnownFileType = sourcecode.swift; path = "AudioSignalLevel.swift"; sourceTree = "<group>"; };
		E38707BD883F68F578264151 = { isa = PBXBuildFile; fileRef = 722A64318BBF55C4A0DC42E6; };
		E54941DD37E36E297932CD73 = { isa = PBXFileReference; lastKnownFileType = sourcecode.swift; path = "ContentView.swift"; sourceTree = "<group>"; };
		9FF2EA8E94F5AE97E000DA72 = { isa = PBXBuildFile; fileRef = E54941DD37E36E297932CD73; };
		8E953865B240E2F7D53A02A6 = { isa = PBXFileReference; lastKnownFileType = sourcecode.swift; path = "Draft.swift"; sourceTree = "<group>"; };
		F617DD397F5C0D38439D5D62 = { isa = PBXBuildFile; fileRef = 8E953865B240E2F7D53A02A6; };
		C5B06F8BB4867EF751A97A91 = { isa = PBXFileReference; lastKnownFileType = sourcecode.swift; path = "GrokClient.swift"; sourceTree = "<group>"; };
		93B7FF43AECC0A9ADF398AF5 = { isa = PBXBuildFile; fileRef = C5B06F8BB4867EF751A97A91; };
		0F1A1096B2C4475342078296 = { isa = PBXFileReference; lastKnownFileType = sourcecode.swift; path = "IncomingAudioPipe.swift"; sourceTree = "<group>"; };
		39FEADFFA65B6CE2B40EC1A8 = { isa = PBXBuildFile; fileRef = 0F1A1096B2C4475342078296; };
		D4409BD7AC0DBFC4EBE15DFE = { isa = PBXFileReference; lastKnownFileType = sourcecode.swift; path = "IncomingCaptions.swift"; sourceTree = "<group>"; };
		E19968DB61D645AA01D6709C = { isa = PBXBuildFile; fileRef = D4409BD7AC0DBFC4EBE15DFE; };
		82724338344DCAA96EFC2422 = { isa = PBXFileReference; lastKnownFileType = sourcecode.swift; path = "IncomingModel.swift"; sourceTree = "<group>"; };
		0A5D5990294FD831482A87B5 = { isa = PBXBuildFile; fileRef = 82724338344DCAA96EFC2422; };
		1F404B6C581164A9BB2A2ADA = { isa = PBXFileReference; lastKnownFileType = sourcecode.swift; path = "IncomingRecognizer.swift"; sourceTree = "<group>"; };
		7BCBFFB58356DC6F60E7F9CC = { isa = PBXBuildFile; fileRef = 1F404B6C581164A9BB2A2ADA; };
		3584D3F1B948ED04DD872ED7 = { isa = PBXFileReference; lastKnownFileType = sourcecode.swift; path = "IncomingView.swift"; sourceTree = "<group>"; };
		056913D192A5208B7CE3FA23 = { isa = PBXBuildFile; fileRef = 3584D3F1B948ED04DD872ED7; };
		F766956CBE76CA81CCD0F4F2 = { isa = PBXFileReference; lastKnownFileType = sourcecode.swift; path = "InterpreterStyle.swift"; sourceTree = "<group>"; };
		3C80F43FE84183EE4408995B = { isa = PBXBuildFile; fileRef = F766956CBE76CA81CCD0F4F2; };
		79529D8C4474C3F22B6BAD0B = { isa = PBXFileReference; lastKnownFileType = sourcecode.swift; path = "LocalEnglishRecognizer.swift"; sourceTree = "<group>"; };
		3D77985EC290136F704BD1F5 = { isa = PBXBuildFile; fileRef = 79529D8C4474C3F22B6BAD0B; };
		F8E207A828A844C2D414ACF9 = { isa = PBXFileReference; lastKnownFileType = sourcecode.swift; path = "MicrophoneCapture.swift"; sourceTree = "<group>"; };
		559519B2CEAA1291EECE15A9 = { isa = PBXBuildFile; fileRef = F8E207A828A844C2D414ACF9; };
		AA0C4EBDA5C98396D947484D = { isa = PBXFileReference; lastKnownFileType = sourcecode.swift; path = "MicrophonePCM.swift"; sourceTree = "<group>"; };
		9FF0D3465154CD025E00BF98 = { isa = PBXBuildFile; fileRef = AA0C4EBDA5C98396D947484D; };
		4BAFF2AC90B5BC3620AC7057 = { isa = PBXFileReference; lastKnownFileType = sourcecode.swift; path = "MicrophoneRecognizer.swift"; sourceTree = "<group>"; };
		BA66E90A7DAD77A36EA62C0F = { isa = PBXBuildFile; fileRef = 4BAFF2AC90B5BC3620AC7057; };
		2229BDB1C4EA904867A2A541 = { isa = PBXFileReference; lastKnownFileType = sourcecode.swift; path = "SettingsView.swift"; sourceTree = "<group>"; };
		D2740EFD5804A93FE8C32426 = { isa = PBXBuildFile; fileRef = 2229BDB1C4EA904867A2A541; };
		DE7E39E258E11978F3647797 = { isa = PBXFileReference; lastKnownFileType = sourcecode.swift; path = "SpeechAuthorization.swift"; sourceTree = "<group>"; };
		37EE2969886527088615193B = { isa = PBXBuildFile; fileRef = DE7E39E258E11978F3647797; };
		051A5CDCE8D47D842074817B = { isa = PBXFileReference; lastKnownFileType = sourcecode.swift; path = "SpeechOutput.swift"; sourceTree = "<group>"; };
		3D6820DDCCAD141CC0656F1F = { isa = PBXBuildFile; fileRef = 051A5CDCE8D47D842074817B; };
		5F1429BEEAFF6BE424989E40 = { isa = PBXFileReference; lastKnownFileType = sourcecode.swift; path = "SpeechVoice.swift"; sourceTree = "<group>"; };
		E87D1240E8975BF6505035AC = { isa = PBXBuildFile; fileRef = 5F1429BEEAFF6BE424989E40; };
		E8523C09AD9A1D0CD0A1D396 = { isa = PBXFileReference; lastKnownFileType = sourcecode.swift; path = "TargetLanguage.swift"; sourceTree = "<group>"; };
		82450954EE902E1F372A5AAB = { isa = PBXBuildFile; fileRef = E8523C09AD9A1D0CD0A1D396; };
		8827B615F3B9047DC9DCA4B7 = { isa = PBXFileReference; lastKnownFileType = sourcecode.swift; path = "FriendTranslatorApp.swift"; sourceTree = "<group>"; };
		501FDFB02FB771AACE17B1DF = { isa = PBXBuildFile; fileRef = 8827B615F3B9047DC9DCA4B7; };
		A172CEDCAE47474B615C54D5 = { isa = PBXFileReference; explicitFileType = wrapper.application; includeInIndex = 0; path = FriendTranslator.app; sourceTree = BUILT_PRODUCTS_DIR; };
		9CEEC13202AFBF12EE3ABB99 = { isa = PBXFileReference; lastKnownFileType = text.plist.xml; path = Config/Info.plist; sourceTree = "<group>"; };
		ADD92B9CDE2BDBF3DAAF65A0 = { isa = PBXFileReference; lastKnownFileType = compiled.mach-o.executable; path = Vendor/Grok/grok; sourceTree = "<group>"; };
		FC70A8397365666363F9E8F9 = { isa = PBXBuildFile; fileRef = ADD92B9CDE2BDBF3DAAF65A0; settings = { ATTRIBUTES = (CodeSignOnCopy,); }; };
		C86E9A288B89814BF94F477C = { isa = PBXFileReference; lastKnownFileType = net.daringfireball.markdown; path = Vendor/Grok/THIRD_PARTY_NOTICES.md; sourceTree = "<group>"; };
		3056B41C0A786E3A419218F8 = { isa = PBXBuildFile; fileRef = C86E9A288B89814BF94F477C; };
		32A385F783B263CF933D9A8C = { isa = PBXFileReference; lastKnownFileType = text; name = FluidAudio-LICENSE; path = Vendor/FluidAudio/LICENSE; sourceTree = "<group>"; };
		2F20FD0CAB0C8D69226A3AE4 = { isa = PBXBuildFile; fileRef = 32A385F783B263CF933D9A8C; };
		3B321D4C1A98E53F25157DEF = { isa = PBXGroup; children = (2B624456D41E9FAE3F1A7EC5, 34181F2534F379412A8F9A84, F1FA54B24448F4F59113606C, 722A64318BBF55C4A0DC42E6, E54941DD37E36E297932CD73, 8E953865B240E2F7D53A02A6, C5B06F8BB4867EF751A97A91, 0F1A1096B2C4475342078296, D4409BD7AC0DBFC4EBE15DFE, 82724338344DCAA96EFC2422, 1F404B6C581164A9BB2A2ADA, 3584D3F1B948ED04DD872ED7, F766956CBE76CA81CCD0F4F2, 79529D8C4474C3F22B6BAD0B, F8E207A828A844C2D414ACF9, AA0C4EBDA5C98396D947484D, 4BAFF2AC90B5BC3620AC7057, 2229BDB1C4EA904867A2A541, DE7E39E258E11978F3647797, 051A5CDCE8D47D842074817B, 5F1429BEEAFF6BE424989E40, E8523C09AD9A1D0CD0A1D396, 8827B615F3B9047DC9DCA4B7,); path = Sources/FriendTranslator; sourceTree = "<group>"; };
		B9E7F2871A3402983868AFC8 = { isa = PBXGroup; children = (A172CEDCAE47474B615C54D5,); name = Products; sourceTree = "<group>"; };
		19F479106CE8C3BA8C106518 = { isa = PBXGroup; children = (3B321D4C1A98E53F25157DEF, 9CEEC13202AFBF12EE3ABB99, ADD92B9CDE2BDBF3DAAF65A0, C86E9A288B89814BF94F477C, 32A385F783B263CF933D9A8C, B9E7F2871A3402983868AFC8,); sourceTree = "<group>"; };
		D626F04DF571B9BB2451CBFE = { isa = PBXSourcesBuildPhase; buildActionMask = 2147483647; files = (1F46923C04815E7F24E2E865, 872247D6705554E6DFD1E56D, AA80A9B576E929021CA8389A, E38707BD883F68F578264151, 9FF2EA8E94F5AE97E000DA72, F617DD397F5C0D38439D5D62, 93B7FF43AECC0A9ADF398AF5, 39FEADFFA65B6CE2B40EC1A8, E19968DB61D645AA01D6709C, 0A5D5990294FD831482A87B5, 7BCBFFB58356DC6F60E7F9CC, 056913D192A5208B7CE3FA23, 3C80F43FE84183EE4408995B, 3D77985EC290136F704BD1F5, 559519B2CEAA1291EECE15A9, 9FF0D3465154CD025E00BF98, BA66E90A7DAD77A36EA62C0F, D2740EFD5804A93FE8C32426, 37EE2969886527088615193B, 3D6820DDCCAD141CC0656F1F, E87D1240E8975BF6505035AC, 82450954EE902E1F372A5AAB, 501FDFB02FB771AACE17B1DF,); runOnlyForDeploymentPostprocessing = 0; };
		951DDECB505D289B8BC956E6 = { isa = PBXFrameworksBuildPhase; buildActionMask = 2147483647; files = (37A54F41582C2EF7AA597C39,); runOnlyForDeploymentPostprocessing = 0; };
		5C2473E515024614E403B8B9 = { isa = PBXResourcesBuildPhase; buildActionMask = 2147483647; files = (3056B41C0A786E3A419218F8, 2F20FD0CAB0C8D69226A3AE4,); runOnlyForDeploymentPostprocessing = 0; };
		BA23466C1F06FDA443F76D34 = { isa = PBXCopyFilesBuildPhase; buildActionMask = 2147483647; dstPath = Contents/Helpers; dstSubfolderSpec = 1; files = (FC70A8397365666363F9E8F9,); name = "Embed Grok Helper"; runOnlyForDeploymentPostprocessing = 0; };
		83498A33D176B1D99220FA6B = { isa = XCRemoteSwiftPackageReference; repositoryURL = "https://github.com/FluidInference/FluidAudio.git"; requirement = { kind = exactVersion; version = 0.15.4; }; };
		E79D1E0380FD03A52BF596AA = { isa = XCSwiftPackageProductDependency; package = 83498A33D176B1D99220FA6B; productName = FluidAudio; };
		37A54F41582C2EF7AA597C39 = { isa = PBXBuildFile; productRef = E79D1E0380FD03A52BF596AA; };
		488864B3D19480A82F7F1786 = { isa = XCBuildConfiguration; buildSettings = { CLANG_ENABLE_MODULES = YES; MACOSX_DEPLOYMENT_TARGET = 15.0; SDKROOT = macosx; SWIFT_VERSION = 6.0; SWIFT_OPTIMIZATION_LEVEL = "-Onone"; DEBUG_INFORMATION_FORMAT = dwarf; ENABLE_TESTABILITY = YES; SWIFT_ACTIVE_COMPILATION_CONDITIONS = "DEBUG $(inherited)"; }; name = Debug; };
		952548237D7F645F11D1E7B6 = { isa = XCBuildConfiguration; buildSettings = { CODE_SIGN_IDENTITY = "-"; CODE_SIGN_STYLE = Manual; GENERATE_INFOPLIST_FILE = NO; INFOPLIST_FILE = Config/Info.plist; PRODUCT_BUNDLE_IDENTIFIER = dev.benny.FriendTranslator; PRODUCT_NAME = "$(TARGET_NAME)"; SUPPORTED_PLATFORMS = macosx; LD_RUNPATH_SEARCH_PATHS = ("$(inherited)", "@executable_path/../Frameworks",); }; name = Debug; };
		35B1014F135DE9B45529B733 = { isa = XCBuildConfiguration; buildSettings = { CLANG_ENABLE_MODULES = YES; MACOSX_DEPLOYMENT_TARGET = 15.0; SDKROOT = macosx; SWIFT_VERSION = 6.0; SWIFT_OPTIMIZATION_LEVEL = "-O"; DEBUG_INFORMATION_FORMAT = "dwarf-with-dsym"; SWIFT_COMPILATION_MODE = wholemodule; }; name = Release; };
		E2D3A31BEAA1368FC62DA77A = { isa = XCBuildConfiguration; buildSettings = { CODE_SIGN_IDENTITY = "-"; CODE_SIGN_STYLE = Manual; GENERATE_INFOPLIST_FILE = NO; INFOPLIST_FILE = Config/Info.plist; PRODUCT_BUNDLE_IDENTIFIER = dev.benny.FriendTranslator; PRODUCT_NAME = "$(TARGET_NAME)"; SUPPORTED_PLATFORMS = macosx; LD_RUNPATH_SEARCH_PATHS = ("$(inherited)", "@executable_path/../Frameworks",); }; name = Release; };
		B4E10CAA9C5E22150B71559C = { isa = XCConfigurationList; buildConfigurations = (488864B3D19480A82F7F1786, 35B1014F135DE9B45529B733,); defaultConfigurationIsVisible = 0; defaultConfigurationName = Release; };
		4A807E8A027297B0B93701FB = { isa = XCConfigurationList; buildConfigurations = (952548237D7F645F11D1E7B6, E2D3A31BEAA1368FC62DA77A,); defaultConfigurationIsVisible = 0; defaultConfigurationName = Release; };
		34A04005BCAF206EEC990BD9 = { isa = PBXNativeTarget; buildConfigurationList = 4A807E8A027297B0B93701FB; buildPhases = (D626F04DF571B9BB2451CBFE, 951DDECB505D289B8BC956E6, 5C2473E515024614E403B8B9, BA23466C1F06FDA443F76D34,); buildRules = (); dependencies = (); name = FriendTranslator; packageProductDependencies = (E79D1E0380FD03A52BF596AA,); productName = FriendTranslator; productReference = A172CEDCAE47474B615C54D5; productType = "com.apple.product-type.application"; };
		244210E48437B6556980A702 = { isa = PBXProject; attributes = { BuildIndependentTargetsInParallel = YES; LastUpgradeCheck = 2630; }; buildConfigurationList = B4E10CAA9C5E22150B71559C; compatibilityVersion = "Xcode 14.0"; developmentRegion = zh_CN; hasScannedForEncodings = 0; knownRegions = (zh_CN, en, Base,); mainGroup = 19F479106CE8C3BA8C106518; packageReferences = (83498A33D176B1D99220FA6B,); productRefGroup = B9E7F2871A3402983868AFC8; projectDirPath = ""; projectRoot = ""; targets = (34A04005BCAF206EEC990BD9,); };
	};
	rootObject = 244210E48437B6556980A702;
}
